
Microsoft Visual Studio Solution File, Format Version 12.00
# Visual Studio Version 16
VisualStudioVersion = 16.0.32802.440
MinimumVisualStudioVersion = 10.0.40219.1
Project("{FAE04EC0-301F-11D3-BF4B-00C04F79EFBC}") = "EddFcmsPlugin", "EddFcmsPlugin.csproj", "{E6C53A8C-C38C-45B6-AA54-CFE7902E93EB}"
EndProject
Global
	GlobalSection(SolutionConfigurationPlatforms) = preSolution
		Debug|Any CPU = Debug|Any CPU
		Release|Any CPU = Release|Any CPU
	EndGlobalSection
	GlobalSection(ProjectConfigurationPlatforms) = postSolution
		{E6C53A8C-C38C-45B6-AA54-CFE7902E93EB}.Debug|Any CPU.ActiveCfg = Debug|Any CPU
		{E6C53A8C-C38C-45B6-AA54-CFE7902E93EB}.Debug|Any CPU.Build.0 = Debug|Any CPU
		{E6C53A8C-C38C-45B6-AA54-CFE7902E93EB}.Release|Any CPU.ActiveCfg = Release|Any CPU
		{E6C53A8C-C38C-45B6-AA54-CFE7902E93EB}.Release|Any CPU.Build.0 = Release|Any CPU
	EndGlobalSection
	GlobalSection(SolutionProperties) = preSolution
		HideSolutionNode = FALSE
	EndGlobalSection
	GlobalSection(ExtensibilityGlobals) = postSolution
		SolutionGuid = {E78AF75B-F444-4FB0-AE12-48A7953D0814}
	EndGlobalSection
EndGlobal
